
Microsoft Visual Studio Solution File, Format Version 12.00
# Visual Studio Version 17
VisualStudioVersion = 17.14.36310.24 d17.14
MinimumVisualStudioVersion = 10.0.40219.1
Project("{FAE04EC0-301F-11D3-BF4B-00C04F79EFBC}") = "ImageExcute", "ImageExcute.csproj", "{62C2EA83-4262-41F3-AD34-95C12A83A688}"
EndProject
Global
	GlobalSection(SolutionConfigurationPlatforms) = preSolution
		Debug|Any CPU = Debug|Any CPU
		Release|Any CPU = Release|Any CPU
	EndGlobalSection
	GlobalSection(ProjectConfigurationPlatforms) = postSolution
		{62C2EA83-4262-41F3-AD34-95C12A83A688}.Debug|Any CPU.ActiveCfg = Debug|Any CPU
		{62C2EA83-4262-41F3-AD34-95C12A83A688}.Debug|Any CPU.Build.0 = Debug|Any CPU
		{62C2EA83-4262-41F3-AD34-95C12A83A688}.Release|Any CPU.ActiveCfg = Release|Any CPU
		{62C2EA83-4262-41F3-AD34-95C12A83A688}.Release|Any CPU.Build.0 = Release|Any CPU
	EndGlobalSection
	GlobalSection(SolutionProperties) = preSolution
		HideSolutionNode = FALSE
	EndGlobalSection
	GlobalSection(ExtensibilityGlobals) = postSolution
		SolutionGuid = {C4168697-7A66-46FF-AFBC-ACE3F99291AE}
	EndGlobalSection
EndGlobal
